
Microsoft Visual Studio Solution File, Format Version 12.00
# Visual Studio Version 16
VisualStudioVersion = 16.0.32929.386
MinimumVisualStudioVersion = 10.0.40219.1
Project("{FAE04EC0-301F-11D3-BF4B-00C04F79EFBC}") = "19.11.2842_Tugas06", "19.11.2842_Tugas06\19.11.2842_Tugas06.csproj", "{4C76BB97-3CFB-4DAA-9978-F6CC96339B99}"
EndProject
Global
	GlobalSection(SolutionConfigurationPlatforms) = preSolution
		Debug|Any CPU = Debug|Any CPU
		Release|Any CPU = Release|Any CPU
	EndGlobalSection
	GlobalSection(ProjectConfigurationPlatforms) = postSolution
		{4C76BB97-3CFB-4DAA-9978-F6CC96339B99}.Debug|Any CPU.ActiveCfg = Debug|Any CPU
		{4C76BB97-3CFB-4DAA-9978-F6CC96339B99}.Debug|Any CPU.Build.0 = Debug|Any CPU
		{4C76BB97-3CFB-4DAA-9978-F6CC96339B99}.Release|Any CPU.ActiveCfg = Release|Any CPU
		{4C76BB97-3CFB-4DAA-9978-F6CC96339B99}.Release|Any CPU.Build.0 = Release|Any CPU
	EndGlobalSection
	GlobalSection(SolutionProperties) = preSolution
		HideSolutionNode = FALSE
	EndGlobalSection
	GlobalSection(ExtensibilityGlobals) = postSolution
		SolutionGuid = {D3BF43B0-0D0A-44CF-ADAE-025896C9A2A3}
	EndGlobalSection
EndGlobal
